// !$*UTF8*$!
{
	archiveVersion = 1;
	classes = {
	};
	objectVersion = 50;
	objects = {

/* Begin PBXBuildFile section */
		FD1ABB342261E89F008576F2 /* AppDelegate.swift in Sources */ = {isa = PBXBuildFile; fileRef = FD1ABB332261E89F008576F2 /* AppDelegate.swift */; };
		FD1ABB362261E89F008576F2 /* ChecklistViewController.swift in Sources */ = {isa = PBXBuildFile; fileRef = FD1ABB352261E89F008576F2 /* ChecklistViewController.swift */; };
		FD1ABB392261E89F008576F2 /* Main.storyboard in Resources */ = {isa = PBXBuildFile; fileRef = FD1ABB372261E89F008576F2 /* Main.storyboard */; };
		FD1ABB3B2261E8A1008576F2 /* Assets.xcassets in Resources */ = {isa = PBXBuildFile; fileRef = FD1ABB3A2261E8A1008576F2 /* Assets.xcassets */; };
		FD1ABB3E2261E8A1008576F2 /* LaunchScreen.storyboard in Resources */ = {isa = PBXBuildFile; fileRef = FD1ABB3C2261E8A1008576F2 /* LaunchScreen.storyboard */; };
		FD1ABB4622624A28008576F2 /* ChecklistItem.swift in Sources */ = {isa = PBXBuildFile; fileRef = FD1ABB4522624A28008576F2 /* ChecklistItem.swift */; };
		FDC3ECAA2263168400DF4186 /* AddItemViewController.swift in Sources */ = {isa = PBXBuildFile; fileRef = FDC3ECA92263168400DF4186 /* AddItemViewController.swift */; };
/* End PBXBuildFile section */

/* Begin PBXFileReference section */
		FD1ABB302261E89F008576F2 /* Checklist1.app */ = {isa = PBXFileReference; explicitFileType = wrapper.application; includeInIndex = 0; path = Checklist1.app; sourceTree = BUILT_PRODUCTS_DIR; };
		FD1ABB332261E89F008576F2 /* AppDelegate.swift */ = {isa = PBXFileReference; lastKnownFileType = sourcecode.swift; path = AppDelegate.swift; sourceTree = "<group>"; };
		FD1ABB352261E89F008576F2 /* ChecklistViewController.swift */ = {isa = PBXFileReference; lastKnownFileType = sourcecode.swift; path = ChecklistViewController.swift; sourceTree = "<group>"; };
		FD1ABB382261E89F008576F2 /* Base */ = {isa = PBXFileReference; lastKnownFileType = file.storyboard; name = Base; path = Base.lproj/Main.storyboard; sourceTree = "<group>"; };
		FD1ABB3A2261E8A1008576F2 /* Assets.xcassets */ = {isa = PBXFileReference; lastKnownFileType = folder.assetcatalog; path = Assets.xcassets; sourceTree = "<group>"; };
		FD1ABB3D2261E8A1008576F2 /* Base */ = {isa = PBXFileReference; lastKnownFileType = file.storyboard; name = Base; path = Base.lproj/LaunchScreen.storyboard; sourceTree = "<group>"; };
		FD1ABB3F2261E8A1008576F2 /* Info.plist */ = {isa = PBXFileReference; lastKnownFileType = text.plist.xml; path = Info.plist; sourceTree = "<group>"; };
		FD1ABB4522624A28008576F2 /* ChecklistItem.swift */ = {isa = PBXFileReference; lastKnownFileType = sourcecode.swift; path = ChecklistItem.swift; sourceTree = "<group>"; };
		FDC3ECA92263168400DF4186 /* AddItemViewController.swift */ = {isa = PBXFileReference; lastKnownFileType = sourcecode.swift; path = AddItemViewController.swift; sourceTree = "<group>"; };
/* End PBXFileReference section */

/* Begin PBXFrameworksBuildPhase section */
		FD1ABB2D2261E89F008576F2 /* Frameworks */ = {
			isa = PBXFrameworksBuildPhase;
			buildActionMask = 2147483647;
			files = (
			);
			runOnlyForDeploymentPostprocessing = 0;
		};
/* End PBXFrameworksBuildPhase section */

/* Begin PBXGroup section */
		FD1ABB272261E89F008576F2 = {
			isa = PBXGroup;
			children = (
				FD1ABB322261E89F008576F2 /* Checklist1 */,
				FD1ABB312261E89F008576F2 /* Products */,
			);
			sourceTree = "<group>";
		};
		FD1ABB312261E89F008576F2 /* Products */ = {
			isa = PBXGroup;
			children = (
				FD1ABB302261E89F008576F2 /* Checklist1.app */,
			);
			name = Products;
			sourceTree = "<group>";
		};
		FD1ABB322261E89F008576F2 /* Checklist1 */ = {
			isa = PBXGroup;
			children = (
				FD1ABB332261E89F008576F2 /* AppDelegate.swift */,
				FD1ABB352261E89F008576F2 /* ChecklistViewController.swift */,
				FD1ABB4522624A28008576F2 /* ChecklistItem.swift */,
				FD1ABB372261E89F008576F2 /* Main.storyboard */,
				FD1ABB3A2261E8A1008576F2 /* Assets.xcassets */,
				FD1ABB3C2261E8A1008576F2 /* LaunchScreen.storyboard */,
				FD1ABB3F2261E8A1008576F2 /* Info.plist */,
				FDC3ECA92263168400DF4186 /* AddItemViewController.swift */,
			);
			path = Checklist1;
			sourceTree = "<group>";
		};
/* End PBXGroup section */

/* Begin PBXNativeTarget section */
		FD1ABB2F2261E89F008576F2 /* Checklist1 */ = {
			isa = PBXNativeTarget;
			buildConfigurationList = FD1ABB422261E8A1008576F2 /* Build configuration list for PBXNativeTarget "Checklist1" */;
			buildPhases = (
				FD1ABB2C2261E89F008576F2 /* Sources */,
				FD1ABB2D2261E89F008576F2 /* Frameworks */,
				FD1ABB2E2261E89F008576F2 /* Resources */,
			);
			buildRules = (
			);
			dependencies = (
			);
			name = Checklist1;
			productName = Checklist1;
			productReference = FD1ABB302261E89F008576F2 /* Checklist1.app */;
			productType = "com.apple.product-type.application";
		};
/* End PBXNativeTarget section */

/* Begin PBXProject section */
		FD1ABB282261E89F008576F2 /* Project object */ = {
			isa = PBXProject;
			attributes = {
				LastSwiftUpdateCheck = 1020;
				LastUpgradeCheck = 1020;
				ORGANIZATIONNAME = "Tommy Hansen";
				TargetAttributes = {
					FD1ABB2F2261E89F008576F2 = {
						CreatedOnToolsVersion = 10.2;
					};
				};
			};
			buildConfigurationList = FD1ABB2B2261E89F008576F2 /* Build configuration list for PBXProject "Checklist1" */;
			compatibilityVersion = "Xcode 9.3";
			developmentRegion = en;
			hasScannedForEncodings = 0;
			knownRegions = (
				en,
				Base,
			);
			mainGroup = FD1ABB272261E89F008576F2;
			productRefGroup = FD1ABB312261E89F008576F2 /* Products */;
			projectDirPath = "";
			projectRoot = "";
			targets = (
				FD1ABB2F2261E89F008576F2 /* Checklist1 */,
			);
		};
/* End PBXProject section */

/* Begin PBXResourcesBuildPhase section */
		FD1ABB2E2261E89F008576F2 /* Resources */ = {
			isa = PBXResourcesBuildPhase;
			buildActionMask = 2147483647;
			files = (
				FD1ABB3E2261E8A1008576F2 /* LaunchScreen.storyboard in Resources */,
				FD1ABB3B2261E8A1008576F2 /* Assets.xcassets in Resources */,
				FD1ABB392261E89F008576F2 /* Main.storyboard in Resources */,
			);
			runOnlyForDeploymentPostprocessing = 0;
		};
/* End PBXResourcesBuildPhase section */

/* Begin PBXSourcesBuildPhase section */
		FD1ABB2C2261E89F008576F2 /* Sources */ = {
			isa = PBXSourcesBuildPhase;
			buildActionMask = 2147483647;
			files = (
				FDC3ECAA2263168400DF4186 /* AddItemViewController.swift in Sources */,
				FD1ABB362261E89F008576F2 /* ChecklistViewController.swift in Sources */,
				FD1ABB4622624A28008576F2 /* ChecklistItem.swift in Sources */,
				FD1ABB342261E89F008576F2 /* AppDelegate.swift in Sources */,
			);
			runOnlyForDeploymentPostprocessing = 0;
		};
/* End PBXSourcesBuildPhase section */

/* Begin PBXVariantGroup section */
		FD1ABB372261E89F008576F2 /* Main.storyboard */ = {
			isa = PBXVariantGroup;
			children = (
				FD1ABB382261E89F008576F2 /* Base */,
			);
			name = Main.storyboard;
			sourceTree = "<group>";
		};
		FD1ABB3C2261E8A1008576F2 /* LaunchScreen.storyboard */ = {
			isa = PBXVariantGroup;
			children = (
				FD1ABB3D2261E8A1008576F2 /* Base */,
			);
			name = LaunchScreen.storyboard;
			sourceTree = "<group>";
		};
/* End PBXVariantGroup section */

/* Begin XCBuildConfiguration section */
		FD1ABB402261E8A1008576F2 /* Debug */ = {
			isa = XCBuildConfiguration;
			buildSettings = {
				ALWAYS_SEARCH_USER_PATHS = NO;
				CLANG_ANALYZER_NONNULL = YES;
				CLANG_ANALYZER_NUMBER_OBJECT_CONVERSION = YES_AGGRESSIVE;
				CLANG_CXX_LANGUAGE_STANDARD = "gnu++14";
				CLANG_CXX_LIBRARY = "libc++";
				CLANG_ENABLE_MODULES = YES;
				CLANG_ENABLE_OBJC_ARC = YES;
				CLANG_ENABLE_OBJC_WEAK = YES;
				CLANG_WARN_BLOCK_CAPTURE_AUTORELEASING = YES;
				CLANG_WARN_BOOL_CONVERSION = YES;
				CLANG_WARN_COMMA = YES;
				CLANG_WARN_CONSTANT_CONVERSION = YES;
				CLANG_WARN_DEPRECATED_OBJC_IMPLEMENTATIONS = YES;
				CLANG_WARN_DIRECT_OBJC_ISA_USAGE = YES_ERROR;
				CLANG_WARN_DOCUMENTATION_COMMENTS = YES;
				CLANG_WARN_EMPTY_BODY = YES;
				CLANG_WARN_ENUM_CONVERSION = YES;
				CLANG_WARN_INFINITE_RECURSION = YES;
				CLANG_WARN_INT_CONVERSION = YES;
				CLANG_WARN_NON_LITERAL_NULL_CONVERSION = YES;
				CLANG_WARN_OBJC_IMPLICIT_RETAIN_SELF = YES;
				CLANG_WARN_OBJC_LITERAL_CONVERSION = YES;
				CLANG_WARN_OBJC_ROOT_CLASS = YES_ERROR;
				CLANG_WARN_RANGE_LOOP_ANALYSIS = YES;
				CLANG_WARN_STRICT_PROTOTYPES = YES;
				CLANG_WARN_SUSPICIOUS_MOVE = YES;
				CLANG_WARN_UNGUARDED_AVAILABILITY = YES_AGGRESSIVE;
				CLANG_WARN_UNREACHABLE_CODE = YES;
				CLANG_WARN__DUPLICATE_METHOD_MATCH = YES;
				CODE_SIGN_IDENTITY = "iPhone Developer";
				COPY_PHASE_STRIP = NO;
				DEBUG_INFORMATION_FORMAT = dwarf;
				ENABLE_STRICT_OBJC_MSGSEND = YES;
				ENABLE_TESTABILITY = YES;
				GCC_C_LANGUAGE_STANDARD = gnu11;
				GCC_DYNAMIC_NO_PIC = NO;
				GCC_NO_COMMON_BLOCKS = YES;
				GCC_OPTIMIZATION_LEVEL = 0;
				GCC_PREPROCESSOR_DEFINITIONS = (
					"DEBUG=1",
					"$(inherited)",
				);
				GCC_WARN_64_TO_32_BIT_CONVERSION = YES;
				GCC_WARN_ABOUT_RETURN_TYPE = YES_ERROR;
				GCC_WARN_UNDECLARED_SELECTOR = YES;
				GCC_WARN_UNINITIALIZED_AUTOS = YES_AGGRESSIVE;
				GCC_WARN_UNUSED_FUNCTION = YES;
				GCC_WARN_UNUSED_VARIABLE = YES;
				IPHONEOS_DEPLOYMENT_TARGET = 12.2;
				MTL_ENABLE_DEBUG_INFO = INCLUDE_SOURCE;
				MTL_FAST_MATH = YES;
				ONLY_ACTIVE_ARCH = YES;
				SDKROOT = iphoneos;
				SWIFT_ACTIVE_COMPILATION_CONDITIONS = DEBUG;
				SWIFT_OPTIMIZATION_LEVEL = "-Onone";
			};
			name = Debug;
		};
		FD1ABB412261E8A1008576F2 /* Release */ = {
			isa = XCBuildConfiguration;
			buildSettings = {
				ALWAYS_SEARCH_USER_PATHS = NO;
				CLANG_ANALYZER_NONNULL = YES;
				CLANG_ANALYZER_NUMBER_OBJECT_CONVERSION = YES_AGGRESSIVE;
				CLANG_CXX_LANGUAGE_STANDARD = "gnu++14";
				CLANG_CXX_LIBRARY = "libc++";
				CLANG_ENABLE_MODULES = YES;
				CLANG_ENABLE_OBJC_ARC = YES;
				CLANG_ENABLE_OBJC_WEAK = YES;
				CLANG_WARN_BLOCK_CAPTURE_AUTORELEASING = YES;
				CLANG_WARN_BOOL_CONVERSION = YES;
				CLANG_WARN_COMMA = YES;
				CLANG_WARN_CONSTANT_CONVERSION = YES;
				CLANG_WARN_DEPRECATED_OBJC_IMPLEMENTATIONS = YES;
				CLANG_WARN_DIRECT_OBJC_ISA_USAGE = YES_ERROR;
				CLANG_WARN_DOCUMENTATION_COMMENTS = YES;
				CLANG_WARN_EMPTY_BODY = YES;
				CLANG_WARN_ENUM_CONVERSION = YES;
				CLANG_WARN_INFINITE_RECURSION = YES;
				CLANG_WARN_INT_CONVERSION = YES;
				CLANG_WARN_NON_LITERAL_NULL_CONVERSION = YES;
				CLANG_WARN_OBJC_IMPLICIT_RETAIN_SELF = YES;
				CLANG_WARN_OBJC_LITERAL_CONVERSION = YES;
				CLANG_WARN_OBJC_ROOT_CLASS = YES_ERROR;
				CLANG_WARN_RANGE_LOOP_ANALYSIS = YES;
				CLANG_WARN_STRICT_PROTOTYPES = YES;
				CLANG_WARN_SUSPICIOUS_MOVE = YES;
				CLANG_WARN_UNGUARDED_AVAILABILITY = YES_AGGRESSIVE;
				CLANG_WARN_UNREACHABLE_CODE = YES;
				CLANG_WARN__DUPLICATE_METHOD_MATCH = YES;
				CODE_SIGN_IDENTITY = "iPhone Developer";
				COPY_PHASE_STRIP = NO;
				DEBUG_INFORMATION_FORMAT = "dwarf-with-dsym";
				ENABLE_NS_ASSERTIONS = NO;
				ENABLE_STRICT_OBJC_MSGSEND = YES;
				GCC_C_LANGUAGE_STANDARD = gnu11;
				GCC_NO_COMMON_BLOCKS = YES;
				GCC_WARN_64_TO_32_BIT_CONVERSION = YES;
				GCC_WARN_ABOUT_RETURN_TYPE = YES_ERROR;
				GCC_WARN_UNDECLARED_SELECTOR = YES;
				GCC_WARN_UNINITIALIZED_AUTOS = YES_AGGRESSIVE;
				GCC_WARN_UNUSED_FUNCTION = YES;
				GCC_WARN_UNUSED_VARIABLE = YES;
				IPHONEOS_DEPLOYMENT_TARGET = 12.2;
				MTL_ENABLE_DEBUG_INFO = NO;
				MTL_FAST_MATH = YES;
				SDKROOT = iphoneos;
				SWIFT_COMPILATION_MODE = wholemodule;
				SWIFT_OPTIMIZATION_LEVEL = "-O";
				VALIDATE_PRODUCT = YES;
			};
			name = Release;
		};
		FD1ABB432261E8A1008576F2 /* Debug */ = {
			isa = XCBuildConfiguration;
			buildSettings = {
				ASSETCATALOG_COMPILER_APPICON_NAME = AppIcon;
				CODE_SIGN_STYLE = Automatic;
				DEVELOPMENT_TEAM = 3Y3Z2Z567H;
				INFOPLIST_FILE = Checklist1/Info.plist;
				LD_RUNPATH_SEARCH_PATHS = (
					"$(inherited)",
					"@executable_path/Frameworks",
				);
				PRODUCT_BUNDLE_IDENTIFIER = com.20162004.Checklist1;
				PRODUCT_NAME = "$(TARGET_NAME)";
				SWIFT_VERSION = 5.0;
				TARGETED_DEVICE_FAMILY = "1,2";
			};
			name = Debug;
		};
		FD1ABB442261E8A1008576F2 /* Release */ = {
			isa = XCBuildConfiguration;
			buildSettings = {
				ASSETCATALOG_COMPILER_APPICON_NAME = AppIcon;
				CODE_SIGN_STYLE = Automatic;
				DEVELOPMENT_TEAM = 3Y3Z2Z567H;
				INFOPLIST_FILE = Checklist1/Info.plist;
				LD_RUNPATH_SEARCH_PATHS = (
					"$(inherited)",
					"@executable_path/Frameworks",
				);
				PRODUCT_BUNDLE_IDENTIFIER = com.20162004.Checklist1;
				PRODUCT_NAME = "$(TARGET_NAME)";
				SWIFT_VERSION = 5.0;
				TARGETED_DEVICE_FAMILY = "1,2";
			};
			name = Release;
		};
/* End XCBuildConfiguration section */

/* Begin XCConfigurationList section */
		FD1ABB2B2261E89F008576F2 /* Build configuration list for PBXProject "Checklist1" */ = {
			isa = XCConfigurationList;
			buildConfigurations = (
				FD1ABB402261E8A1008576F2 /* Debug */,
				FD1ABB412261E8A1008576F2 /* Release */,
			);
			defaultConfigurationIsVisible = 0;
			defaultConfigurationName = Release;
		};
		FD1ABB422261E8A1008576F2 /* Build configuration list for PBXNativeTarget "Checklist1" */ = {
			isa = XCConfigurationList;
			buildConfigurations = (
				FD1ABB432261E8A1008576F2 /* Debug */,
				FD1ABB442261E8A1008576F2 /* Release */,
			);
			defaultConfigurationIsVisible = 0;
			defaultConfigurationName = Release;
		};
/* End XCConfigurationList section */
	};
	rootObject = FD1ABB282261E89F008576F2 /* Project object */;
}
